
Microsoft Visual Studio Solution File, Format Version 12.00
# Visual Studio Version 16
VisualStudioVersion = 16.0.29209.62
MinimumVisualStudioVersion = 10.0.40219.1
Project("{2150E333-8FDC-42A3-9474-1A3956D46DE8}") = "Libraries", "Libraries", "{5989FCC9-B91A-40C3-8A04-813A54506A1F}"
EndProject
Project("{2150E333-8FDC-42A3-9474-1A3956D46DE8}") = "Presentation", "Presentation", "{53514424-2B4A-44A2-A22A-704575EF87B7}"
EndProject
Project("{2150E333-8FDC-42A3-9474-1A3956D46DE8}") = "Test", "Test", "{B45DF7A0-4FA0-429D-B2B2-0B252CE0D114}"
EndProject
Project("{9A19103F-16F7-4668-BE54-9A1E7A4F7556}") = "Portal.Web.Framework", "Portal.Web.Framework\Portal.Web.Framework.csproj", "{5C3CBD6B-251C-4073-BE63-CA8A54D1556C}"
EndProject
Project("{9A19103F-16F7-4668-BE54-9A1E7A4F7556}") = "QTasMarketing.Web", "QTasMarketing.Web\QTasMarketing.Web.csproj", "{417E02E6-C55B-4150-91BC-589617B870F0}"
EndProject
Project("{9A19103F-16F7-4668-BE54-9A1E7A4F7556}") = "Portal.Standard.Core", "Portal.Standard.Core\Portal.Standard.Core.csproj", "{A44E10AC-39AF-4567-B4D7-13EB4D966DFA}"
EndProject
Project("{9A19103F-16F7-4668-BE54-9A1E7A4F7556}") = "Portal.Standard.Service", "Portal.Standard.Service\Portal.Standard.Service.csproj", "{9C1ED528-DE4C-4F9C-9022-E72F18DB13E6}"
EndProject
Project("{9A19103F-16F7-4668-BE54-9A1E7A4F7556}") = "Portal.Standard.Infrastructure", "Portal.Standard.Infrastructure\Portal.Standard.Infrastructure.csproj", "{2AE30A9E-D686-482B-9ECD-60051E9E5BAE}"
EndProject
Project("{9A19103F-16F7-4668-BE54-9A1E7A4F7556}") = "Portal.Standard.CrossCutting", "Portal.Standard.CrossCutting\Portal.Standard.CrossCutting.csproj", "{22ABCF52-5A1C-45F8-BBA7-FCF0EEAC6E9E}"
EndProject
Project("{FAE04EC0-301F-11D3-BF4B-00C04F79EFBC}") = "Tebyan.Web", "Tebyan.Web\Tebyan.Web.csproj", "{844EBBA8-1400-4964-80AF-47DB8EE9B348}"
EndProject
Global
	GlobalSection(SolutionConfigurationPlatforms) = preSolution
		Debug|Any CPU = Debug|Any CPU
		Release|Any CPU = Release|Any CPU
	EndGlobalSection
	GlobalSection(ProjectConfigurationPlatforms) = postSolution
		{5C3CBD6B-251C-4073-BE63-CA8A54D1556C}.Debug|Any CPU.ActiveCfg = Debug|Any CPU
		{5C3CBD6B-251C-4073-BE63-CA8A54D1556C}.Debug|Any CPU.Build.0 = Debug|Any CPU
		{5C3CBD6B-251C-4073-BE63-CA8A54D1556C}.Release|Any CPU.ActiveCfg = Release|Any CPU
		{5C3CBD6B-251C-4073-BE63-CA8A54D1556C}.Release|Any CPU.Build.0 = Release|Any CPU
		{417E02E6-C55B-4150-91BC-589617B870F0}.Debug|Any CPU.ActiveCfg = Debug|Any CPU
		{417E02E6-C55B-4150-91BC-589617B870F0}.Debug|Any CPU.Build.0 = Debug|Any CPU
		{417E02E6-C55B-4150-91BC-589617B870F0}.Release|Any CPU.ActiveCfg = Release|Any CPU
		{417E02E6-C55B-4150-91BC-589617B870F0}.Release|Any CPU.Build.0 = Release|Any CPU
		{A44E10AC-39AF-4567-B4D7-13EB4D966DFA}.Debug|Any CPU.ActiveCfg = Debug|Any CPU
		{A44E10AC-39AF-4567-B4D7-13EB4D966DFA}.Debug|Any CPU.Build.0 = Debug|Any CPU
		{A44E10AC-39AF-4567-B4D7-13EB4D966DFA}.Release|Any CPU.ActiveCfg = Release|Any CPU
		{A44E10AC-39AF-4567-B4D7-13EB4D966DFA}.Release|Any CPU.Build.0 = Release|Any CPU
		{9C1ED528-DE4C-4F9C-9022-E72F18DB13E6}.Debug|Any CPU.ActiveCfg = Debug|Any CPU
		{9C1ED528-DE4C-4F9C-9022-E72F18DB13E6}.Debug|Any CPU.Build.0 = Debug|Any CPU
		{9C1ED528-DE4C-4F9C-9022-E72F18DB13E6}.Release|Any CPU.ActiveCfg = Release|Any CPU
		{9C1ED528-DE4C-4F9C-9022-E72F18DB13E6}.Release|Any CPU.Build.0 = Release|Any CPU
		{2AE30A9E-D686-482B-9ECD-60051E9E5BAE}.Debug|Any CPU.ActiveCfg = Debug|Any CPU
		{2AE30A9E-D686-482B-9ECD-60051E9E5BAE}.Debug|Any CPU.Build.0 = Debug|Any CPU
		{2AE30A9E-D686-482B-9ECD-60051E9E5BAE}.Release|Any CPU.ActiveCfg = Release|Any CPU
		{2AE30A9E-D686-482B-9ECD-60051E9E5BAE}.Release|Any CPU.Build.0 = Release|Any CPU
		{22ABCF52-5A1C-45F8-BBA7-FCF0EEAC6E9E}.Debug|Any CPU.ActiveCfg = Debug|Any CPU
		{22ABCF52-5A1C-45F8-BBA7-FCF0EEAC6E9E}.Debug|Any CPU.Build.0 = Debug|Any CPU
		{22ABCF52-5A1C-45F8-BBA7-FCF0EEAC6E9E}.Release|Any CPU.ActiveCfg = Release|Any CPU
		{22ABCF52-5A1C-45F8-BBA7-FCF0EEAC6E9E}.Release|Any CPU.Build.0 = Release|Any CPU
		{844EBBA8-1400-4964-80AF-47DB8EE9B348}.Debug|Any CPU.ActiveCfg = Debug|Any CPU
		{844EBBA8-1400-4964-80AF-47DB8EE9B348}.Debug|Any CPU.Build.0 = Debug|Any CPU
		{844EBBA8-1400-4964-80AF-47DB8EE9B348}.Release|Any CPU.ActiveCfg = Release|Any CPU
		{844EBBA8-1400-4964-80AF-47DB8EE9B348}.Release|Any CPU.Build.0 = Release|Any CPU
	EndGlobalSection
	GlobalSection(SolutionProperties) = preSolution
		HideSolutionNode = FALSE
	EndGlobalSection
	GlobalSection(NestedProjects) = preSolution
		{5C3CBD6B-251C-4073-BE63-CA8A54D1556C} = {53514424-2B4A-44A2-A22A-704575EF87B7}
		{417E02E6-C55B-4150-91BC-589617B870F0} = {53514424-2B4A-44A2-A22A-704575EF87B7}
		{A44E10AC-39AF-4567-B4D7-13EB4D966DFA} = {5989FCC9-B91A-40C3-8A04-813A54506A1F}
		{9C1ED528-DE4C-4F9C-9022-E72F18DB13E6} = {5989FCC9-B91A-40C3-8A04-813A54506A1F}
		{2AE30A9E-D686-482B-9ECD-60051E9E5BAE} = {5989FCC9-B91A-40C3-8A04-813A54506A1F}
		{22ABCF52-5A1C-45F8-BBA7-FCF0EEAC6E9E} = {5989FCC9-B91A-40C3-8A04-813A54506A1F}
	EndGlobalSection
	GlobalSection(ExtensibilityGlobals) = postSolution
		SolutionGuid = {55EC79B2-BA10-40B3-B0E5-8CAB2162724E}
	EndGlobalSection
EndGlobal
