
Microsoft Visual Studio Solution File, Format Version 12.00
# Visual Studio 15
VisualStudioVersion = 15.0.27428.2043
MinimumVisualStudioVersion = 10.0.40219.1
Project("{2150E333-8FDC-42A3-9474-1A3956D46DE8}") = "Libraries", "Libraries", "{5989FCC9-B91A-40C3-8A04-813A54506A1F}"
EndProject
Project("{2150E333-8FDC-42A3-9474-1A3956D46DE8}") = "Presentation", "Presentation", "{53514424-2B4A-44A2-A22A-704575EF87B7}"
EndProject
Project("{2150E333-8FDC-42A3-9474-1A3956D46DE8}") = "Test", "Test", "{B45DF7A0-4FA0-429D-B2B2-0B252CE0D114}"
EndProject
Project("{9A19103F-16F7-4668-BE54-9A1E7A4F7556}") = "Portal.CrossCutting", "Portal.CrossCutting\Portal.CrossCutting.csproj", "{0A338E10-28B7-4843-88F7-C2ED1E0BCCDC}"
EndProject
Project("{9A19103F-16F7-4668-BE54-9A1E7A4F7556}") = "Portal.Infrastructure", "Portal.Infrastructure\Portal.Infrastructure.csproj", "{D015F041-8C3A-4A0E-ADA0-EB16B672DCE0}"
EndProject
Project("{9A19103F-16F7-4668-BE54-9A1E7A4F7556}") = "Portal.Service", "Portal.Service\Portal.Service.csproj", "{C826AED5-1E27-437D-BFDA-CFAEAF146939}"
EndProject
Project("{9A19103F-16F7-4668-BE54-9A1E7A4F7556}") = "Portal.Web.Framework", "Portal.Web.Framework\Portal.Web.Framework.csproj", "{5C3CBD6B-251C-4073-BE63-CA8A54D1556C}"
EndProject
Project("{9A19103F-16F7-4668-BE54-9A1E7A4F7556}") = "ServicesTest", "ServicesTest\ServicesTest.csproj", "{6327F3EB-826C-4938-BC1E-F2E43F9E8985}"
EndProject
Project("{9A19103F-16F7-4668-BE54-9A1E7A4F7556}") = "Portal.core", "Portal.core\Portal.core.csproj", "{7F7B7D06-61AE-45C7-AEE4-674FEB51DFCE}"
EndProject
Project("{9A19103F-16F7-4668-BE54-9A1E7A4F7556}") = "QTasMarketing.Web", "QTasMarketing.Web\QTasMarketing.Web.csproj", "{417E02E6-C55B-4150-91BC-589617B870F0}"
EndProject
Project("{FAE04EC0-301F-11D3-BF4B-00C04F79EFBC}") = "Portal.Web", "Portal.Web\Portal.Web.csproj", "{6E562482-5BFA-4CA4-85DA-CB344DE40B40}"
EndProject
Global
	GlobalSection(SolutionConfigurationPlatforms) = preSolution
		Debug|Any CPU = Debug|Any CPU
		Release|Any CPU = Release|Any CPU
	EndGlobalSection
	GlobalSection(ProjectConfigurationPlatforms) = postSolution
		{0A338E10-28B7-4843-88F7-C2ED1E0BCCDC}.Debug|Any CPU.ActiveCfg = Debug|Any CPU
		{0A338E10-28B7-4843-88F7-C2ED1E0BCCDC}.Debug|Any CPU.Build.0 = Debug|Any CPU
		{0A338E10-28B7-4843-88F7-C2ED1E0BCCDC}.Release|Any CPU.ActiveCfg = Release|Any CPU
		{0A338E10-28B7-4843-88F7-C2ED1E0BCCDC}.Release|Any CPU.Build.0 = Release|Any CPU
		{D015F041-8C3A-4A0E-ADA0-EB16B672DCE0}.Debug|Any CPU.ActiveCfg = Debug|Any CPU
		{D015F041-8C3A-4A0E-ADA0-EB16B672DCE0}.Debug|Any CPU.Build.0 = Debug|Any CPU
		{D015F041-8C3A-4A0E-ADA0-EB16B672DCE0}.Release|Any CPU.ActiveCfg = Release|Any CPU
		{D015F041-8C3A-4A0E-ADA0-EB16B672DCE0}.Release|Any CPU.Build.0 = Release|Any CPU
		{C826AED5-1E27-437D-BFDA-CFAEAF146939}.Debug|Any CPU.ActiveCfg = Debug|Any CPU
		{C826AED5-1E27-437D-BFDA-CFAEAF146939}.Debug|Any CPU.Build.0 = Debug|Any CPU
		{C826AED5-1E27-437D-BFDA-CFAEAF146939}.Release|Any CPU.ActiveCfg = Release|Any CPU
		{C826AED5-1E27-437D-BFDA-CFAEAF146939}.Release|Any CPU.Build.0 = Release|Any CPU
		{5C3CBD6B-251C-4073-BE63-CA8A54D1556C}.Debug|Any CPU.ActiveCfg = Debug|Any CPU
		{5C3CBD6B-251C-4073-BE63-CA8A54D1556C}.Debug|Any CPU.Build.0 = Debug|Any CPU
		{5C3CBD6B-251C-4073-BE63-CA8A54D1556C}.Release|Any CPU.ActiveCfg = Release|Any CPU
		{5C3CBD6B-251C-4073-BE63-CA8A54D1556C}.Release|Any CPU.Build.0 = Release|Any CPU
		{6327F3EB-826C-4938-BC1E-F2E43F9E8985}.Debug|Any CPU.ActiveCfg = Debug|Any CPU
		{6327F3EB-826C-4938-BC1E-F2E43F9E8985}.Debug|Any CPU.Build.0 = Debug|Any CPU
		{6327F3EB-826C-4938-BC1E-F2E43F9E8985}.Release|Any CPU.ActiveCfg = Release|Any CPU
		{6327F3EB-826C-4938-BC1E-F2E43F9E8985}.Release|Any CPU.Build.0 = Release|Any CPU
		{7F7B7D06-61AE-45C7-AEE4-674FEB51DFCE}.Debug|Any CPU.ActiveCfg = Debug|Any CPU
		{7F7B7D06-61AE-45C7-AEE4-674FEB51DFCE}.Debug|Any CPU.Build.0 = Debug|Any CPU
		{7F7B7D06-61AE-45C7-AEE4-674FEB51DFCE}.Release|Any CPU.ActiveCfg = Release|Any CPU
		{7F7B7D06-61AE-45C7-AEE4-674FEB51DFCE}.Release|Any CPU.Build.0 = Release|Any CPU
		{417E02E6-C55B-4150-91BC-589617B870F0}.Debug|Any CPU.ActiveCfg = Debug|Any CPU
		{417E02E6-C55B-4150-91BC-589617B870F0}.Debug|Any CPU.Build.0 = Debug|Any CPU
		{417E02E6-C55B-4150-91BC-589617B870F0}.Release|Any CPU.ActiveCfg = Release|Any CPU
		{417E02E6-C55B-4150-91BC-589617B870F0}.Release|Any CPU.Build.0 = Release|Any CPU
		{6E562482-5BFA-4CA4-85DA-CB344DE40B40}.Debug|Any CPU.ActiveCfg = Debug|Any CPU
		{6E562482-5BFA-4CA4-85DA-CB344DE40B40}.Debug|Any CPU.Build.0 = Debug|Any CPU
		{6E562482-5BFA-4CA4-85DA-CB344DE40B40}.Release|Any CPU.ActiveCfg = Release|Any CPU
		{6E562482-5BFA-4CA4-85DA-CB344DE40B40}.Release|Any CPU.Build.0 = Release|Any CPU
	EndGlobalSection
	GlobalSection(SolutionProperties) = preSolution
		HideSolutionNode = FALSE
	EndGlobalSection
	GlobalSection(NestedProjects) = preSolution
		{0A338E10-28B7-4843-88F7-C2ED1E0BCCDC} = {5989FCC9-B91A-40C3-8A04-813A54506A1F}
		{D015F041-8C3A-4A0E-ADA0-EB16B672DCE0} = {5989FCC9-B91A-40C3-8A04-813A54506A1F}
		{C826AED5-1E27-437D-BFDA-CFAEAF146939} = {5989FCC9-B91A-40C3-8A04-813A54506A1F}
		{5C3CBD6B-251C-4073-BE63-CA8A54D1556C} = {53514424-2B4A-44A2-A22A-704575EF87B7}
		{6327F3EB-826C-4938-BC1E-F2E43F9E8985} = {B45DF7A0-4FA0-429D-B2B2-0B252CE0D114}
		{7F7B7D06-61AE-45C7-AEE4-674FEB51DFCE} = {5989FCC9-B91A-40C3-8A04-813A54506A1F}
		{417E02E6-C55B-4150-91BC-589617B870F0} = {53514424-2B4A-44A2-A22A-704575EF87B7}
		{6E562482-5BFA-4CA4-85DA-CB344DE40B40} = {53514424-2B4A-44A2-A22A-704575EF87B7}
	EndGlobalSection
	GlobalSection(ExtensibilityGlobals) = postSolution
		SolutionGuid = {55EC79B2-BA10-40B3-B0E5-8CAB2162724E}
	EndGlobalSection
EndGlobal
